# This file is autogenerated, do not edit; changes may be undone by the next 'dep ensure'.


[[projects]]
  digest = "1:f02850a087818d0200334ff2a4c33a30750a8c45f7f2ddcc3d52bb20aa0e798b"
  name = "github.com/PuerkitoBio/goquery"
  packages = ["."]
  pruneopts = "UT"
  revision = "1b16b92ddf27ae338f7f162d5e4316b31bccdb8e"
  version = "v1.5.1"

[[projects]]
  digest = "1:7f9220a3dc120183be41ef0eb4d207a01ed5936c0dc07edeb72b47de109e22e9"
  name = "github.com/RoaringBitmap/roaring"
  packages = ["."]
  pruneopts = "UT"
  revision = "c82f60c180e02b3d2fb91971bae92c2db5a8763a"
  version = "v0.4.23"

[[projects]]
  digest = "1:24ffaa1636eba8f0cfc7671121d05a9a2040605adb1927a93be88fbc2ea6cfdb"
  name = "github.com/andybalholm/cascadia"
  packages = ["."]
  pruneopts = "UT"
  revision = "b69f6c92dfc187ebfe3914df716c2647a3af0ba0"
  version = "v1.1.0"

[[projects]]
  digest = "1:9a13f1e0e30ea3893923baafbc03328dca6be8cf89b449cbb14d46701eeb828b"
  name = "github.com/antchfx/htmlquery"
  packages = ["."]
  pruneopts = "UT"
  revision = "2b1eec8712a7a39306394fc0f3d0385d6f592767"
  version = "v1.2.3"

[[projects]]
  digest = "1:bad928625f376c08b1c1e78fc054721fcd379e5b2d000e138a7c06a6370dbcb8"
  name = "github.com/antchfx/xmlquery"
  packages = ["."]
  pruneopts = "UT"
  revision = "c43a9ea44a41141abd40cc2125be9558b5ae8763"
  version = "v1.2.4"

[[projects]]
  digest = "1:e9a55ed16c58c72d743b4b2c8a6c5a217a52e876fcb21050b153e323f3d83036"
  name = "github.com/antchfx/xpath"
  packages = ["."]
  pruneopts = "UT"
  revision = "c407737821f47894509428e3e3c80a1da3a33f48"
  version = "v1.1.6"

[[projects]]
  digest = "1:c99ccd23a921bfa156605a0cea925209fdc85ac986016ad438fc2f116ed4362c"
  name = "github.com/blevesearch/bleve"
  packages = [
    ".",
    "analysis",
    "analysis/analyzer/standard",
    "analysis/datetime/flexible",
    "analysis/datetime/optional",
    "analysis/lang/en",
    "analysis/token/lowercase",
    "analysis/token/porter",
    "analysis/token/stop",
    "analysis/tokenizer/unicode",
    "document",
    "geo",
    "index",
    "index/scorch",
    "index/scorch/mergeplan",
    "index/scorch/segment",
    "index/scorch/segment/zap",
    "index/store",
    "index/store/boltdb",
    "index/store/gtreap",
    "index/upsidedown",
    "mapping",
    "numeric",
    "registry",
    "search",
    "search/collector",
    "search/facet",
    "search/highlight",
    "search/highlight/format/html",
    "search/highlight/fragmenter/simple",
    "search/highlight/highlighter/html",
    "search/highlight/highlighter/simple",
    "search/query",
    "search/scorer",
    "search/searcher",
    "size",
  ]
  pruneopts = "UT"
  revision = "e42e7143c87e72f8046d32898f117a27c0db1d4d"
  version = "v0.9.0"

[[projects]]
  digest = "1:5481cabc844c6b7015ddecdde13a4c5a438eff9661491f67e7a5cec7be0df93b"
  name = "github.com/blevesearch/go-porterstemmer"
  packages = ["."]
  pruneopts = "UT"
  revision = "8a3f08ec93b36d000cf58bbb6d9f6da0edc45a5e"
  version = "v1.0.3"

[[projects]]
  digest = "1:03f4fff420080321613ecd097bbbd37fef4783cfb10e75b3e9e502342e82ebe7"
  name = "github.com/blevesearch/mmap-go"
  packages = ["."]
  pruneopts = "UT"
  revision = "99940f54c59671cf69e10b2e4041fabce88eb9b2"
  version = "v1.0.2"

[[projects]]
  digest = "1:d0701470cf05ee167b512cc418249b432ad080624ff0c4e1fce6500920cc66f6"
  name = "github.com/blevesearch/segment"
  packages = ["."]
  pruneopts = "UT"
  revision = "39f07ea41f180b52c3529983e7b7e6b0edda6ed0"
  version = "v0.9.0"

[[projects]]
  digest = "1:be19931c920fb9afd076b76156434e0315f73696de5e44968346c972e8887f82"
  name = "github.com/blevesearch/snowballstem"
  packages = [
    ".",
    "english",
  ]
  pruneopts = "UT"
  revision = "cfa3b80cd4e30471652cd78fb04f447e2e17cc2f"
  version = "v0.9.0"

[[projects]]
  digest = "1:2ee5b4018fe223f0be959600873b1d29e8749ad360a8ec834435ecf332c5033a"
  name = "github.com/couchbase/vellum"
  packages = [
    ".",
    "levenshtein",
    "regexp",
    "utf8",
  ]
  pruneopts = "UT"
  revision = "4bff22cfb1863be33a3dcbb319b9e07aae629b16"
  version = "v1.0.1"

[[projects]]
  digest = "1:edb569dd02419a41ddd98768cc0e7aec922ef19dae139731e5ca750afcf6f4c5"
  name = "github.com/edsrzf/mmap-go"
  packages = ["."]
  pruneopts = "UT"
  revision = "188cc3b666ba704534fa4f96e9e61f21f1e1ba7c"
  version = "v1.0.0"

[[projects]]
  branch = "master"
  digest = "1:3e58a7a4dd778768694d1733b076de0da7ad3d3be263017423ef6c93aa5cf563"
  name = "github.com/glycerine/go-unsnap-stream"
  packages = ["."]
  pruneopts = "UT"
  revision = "81cf024a9e0a906651886e23cb984a852a30b622"

[[projects]]
  digest = "1:9ae31ce33b4bab257668963e844d98765b44160be4ee98cafc44637a213e530d"
  name = "github.com/gobwas/glob"
  packages = [
    ".",
    "compiler",
    "match",
    "syntax",
    "syntax/ast",
    "syntax/lexer",
    "util/runes",
    "util/strings",
  ]
  pruneopts = "UT"
  revision = "5ccd90ef52e1e632236f7326478d4faa74f99438"
  version = "v0.2.3"

[[projects]]
  digest = "1:2c908939f1253834d440546357c342d464cf168bfb3effc24482abd0e73769d1"
  name = "github.com/gocolly/colly"
  packages = [
    ".",
    "debug",
    "queue",
    "storage",
  ]
  pruneopts = "UT"
  revision = "ca2f07cb3c921eec1b4993f4ff6f00f593dc3af0"
  version = "v1.2.0"

[[projects]]
  branch = "master"
  digest = "1:b7cb6054d3dff43b38ad2e92492f220f57ae6087ee797dca298139776749ace8"
  name = "github.com/golang/groupcache"
  packages = ["lru"]
  pruneopts = "UT"
  revision = "8c9f03a8e57eb486e42badaed3fb287da51807ba"

[[projects]]
  digest = "1:010e6ae8af115497e5112c31d02316bebc3b6853253ed18516a4f624082469a4"
  name = "github.com/golang/protobuf"
  packages = ["proto"]
  pruneopts = "UT"
  revision = "6c66de79d66478d166c7ea05f5d2ccaf016fbd6b"
  version = "v1.4.1"

[[projects]]
  digest = "1:e4f5819333ac698d294fe04dbf640f84719658d5c7ce195b10060cc37292ce79"
  name = "github.com/golang/snappy"
  packages = ["."]
  pruneopts = "UT"
  revision = "2a8bb927dd31d8daada140a5d09578521ce5c36a"
  version = "v0.0.1"

[[projects]]
  branch = "master"
  digest = "1:b42f449a8b6e31294dcac04a5a8b990ec494f1b046cf9c00b3a12b20f4d05807"
  name = "github.com/iancoleman/strcase"
  packages = ["."]
  pruneopts = "UT"
  revision = "16388991a33441046539eb716cff4d294d556c70"

[[projects]]
  digest = "1:e30ac47ee84d7d354e0a284cf742e3015400667e90aa3d6ae99c7a55da67c645"
  name = "github.com/kennygrant/sanitize"
  packages = ["."]
  pruneopts = "UT"
  revision = "06ec0d0dbcd497d01e5189b16f5263f712e61a8e"
  version = "v1.2.4"

[[projects]]
  digest = "1:56a28cb945d9bd9f34ae456b6995ff99a1db7f633ff8d7013608d8412d5cbe94"
  name = "github.com/mschoch/smat"
  packages = ["."]
  pruneopts = "UT"
  revision = "ef73189a3306dd920d41a64764c154ba2df31029"
  version = "v0.2.0"

[[projects]]
  digest = "1:5e73b34a27d827212102605789de00bd411b2e434812133c83935fe9897c75e1"
  name = "github.com/philhofer/fwd"
  packages = ["."]
  pruneopts = "UT"
  revision = "bb6d471dc95d4fe11e432687f8b70ff496cf3136"
  version = "v1.0.0"

[[projects]]
  branch = "master"
  digest = "1:374ce4704830a7b9729d8798bcb4ac796f9c7bbb6903950ec55b71332caffe31"
  name = "github.com/saintfish/chardet"
  packages = ["."]
  pruneopts = "UT"
  revision = "3af4cd4741ca4f3eb0c407c034571a6fb0ea529c"

[[projects]]
  digest = "1:bd1b365f45497bd9d78a66f08c9d030f26377ad96d5d5f877668488a608f1c5d"
  name = "github.com/steveyen/gtreap"
  packages = ["."]
  pruneopts = "UT"
  revision = "a0f7e0b09762a60753832eae309dad37f88f753b"
  version = "v0.1.0"

[[projects]]
  digest = "1:e2933734cc52e2c304ed132ba5a8320ef21bee5022c67302abb3eeef83d6c515"
  name = "github.com/temoto/robotstxt"
  packages = ["."]
  pruneopts = "UT"
  revision = "3f668f68d41cf91350a4148f4fcb6720f1472428"
  version = "v1.1.1"

[[projects]]
  digest = "1:6636bfca29dde8561c03e98ccddbe36240f13a01ac770d7ea07f4fd019ed6e65"
  name = "github.com/tinylib/msgp"
  packages = ["msgp"]
  pruneopts = "UT"
  revision = "4253cdaa5267687e3b7612da7ff105d4414174da"
  version = "v1.1.2"

[[projects]]
  digest = "1:85ddc8a0e53c1ebe8ba228f2303fb156feffd8f2b4bead4d1d0af9c293c6054f"
  name = "github.com/willf/bitset"
  packages = ["."]
  pruneopts = "UT"
  revision = "20ad246f50b49590afcb1ed8ad143da7163869cb"
  version = "v1.1.10"

[[projects]]
  digest = "1:c7db0d7eb0409eda9ac91b3a9d9ed49a019d0c9c82c6dd4e4bfcf97267c7d435"
  name = "go.etcd.io/bbolt"
  packages = ["."]
  pruneopts = "UT"
  revision = "68cc10a767ea1c6b9e8dcb9847317ff192d6d974"
  version = "v1.3.4"

[[projects]]
  branch = "master"
  digest = "1:926079b81718c6a839652c3513f8da181cc4050ac4e9924b950cf151c6677322"
  name = "golang.org/x/net"
  packages = [
    "context",
    "html",
    "html/atom",
    "html/charset",
  ]
  pruneopts = "UT"
  revision = "7e3656a0809f6f95abd88ac65313578f80b00df2"

[[projects]]
  branch = "master"
  digest = "1:1f3b9da584694f9f3a462d5bab5bacf24a67ce0daeffaf4410de224cf98d552b"
  name = "golang.org/x/sys"
  packages = [
    "internal/unsafeheader",
    "unix",
    "windows",
  ]
  pruneopts = "UT"
  revision = "6aff5f38e54f06f432ddfd9b4af5bf0de052bc08"

[[projects]]
  digest = "1:8a0baffd5559acaa560f854d7d525c02f4fec2d4f8a214398556fb661a10f6e0"
  name = "golang.org/x/text"
  packages = [
    "encoding",
    "encoding/charmap",
    "encoding/htmlindex",
    "encoding/internal",
    "encoding/internal/identifier",
    "encoding/japanese",
    "encoding/korean",
    "encoding/simplifiedchinese",
    "encoding/traditionalchinese",
    "encoding/unicode",
    "internal/gen",
    "internal/language",
    "internal/language/compact",
    "internal/tag",
    "internal/utf8internal",
    "language",
    "runes",
    "transform",
    "unicode/cldr",
  ]
  pruneopts = "UT"
  revision = "342b2e1fbaa52c93f31447ad2c6abc048c63e475"
  version = "v0.3.2"

[[projects]]
  digest = "1:15bbb120d95283019f8891f2762fab3e735075b2cf9b378497277d2fe6c4abca"
  name = "google.golang.org/appengine"
  packages = [
    "internal",
    "internal/base",
    "internal/datastore",
    "internal/log",
    "internal/remote_api",
    "internal/urlfetch",
    "urlfetch",
  ]
  pruneopts = "UT"
  revision = "553959209a20f3be281c16dd5be5c740a893978f"
  version = "v1.6.6"

[[projects]]
  digest = "1:b76a323f549018e4ca29937a8e189d2167a2eb6cea652bf5d9f4a1d15c636cb6"
  name = "google.golang.org/protobuf"
  packages = [
    "encoding/prototext",
    "encoding/protowire",
    "internal/descfmt",
    "internal/descopts",
    "internal/detrand",
    "internal/encoding/defval",
    "internal/encoding/messageset",
    "internal/encoding/tag",
    "internal/encoding/text",
    "internal/errors",
    "internal/fieldnum",
    "internal/fieldsort",
    "internal/filedesc",
    "internal/filetype",
    "internal/flags",
    "internal/genname",
    "internal/impl",
    "internal/mapsort",
    "internal/pragma",
    "internal/set",
    "internal/strs",
    "internal/version",
    "proto",
    "reflect/protoreflect",
    "reflect/protoregistry",
    "runtime/protoiface",
    "runtime/protoimpl",
  ]
  pruneopts = "UT"
  revision = "8b0d71ac935315b10385aaaf30175de0c74bbba6"
  version = "v1.22.0"

[solve-meta]
  analyzer-name = "dep"
  analyzer-version = 1
  input-imports = [
    "github.com/blevesearch/bleve",
    "github.com/gocolly/colly",
    "github.com/gocolly/colly/queue",
    "github.com/iancoleman/strcase",
  ]
  solver-name = "gps-cdcl"
  solver-version = 1
